// !$*UTF8*$!
{
	archiveVersion = 1;
	classes = {
	};
	objectVersion = 56;
	objects = {

/* Begin PBXBuildFile section */
		C7D9CF6C29B20DD800EC1537 /* AlertApp.swift in Sources */ = {isa = PBXBuildFile; fileRef = C7D9CF6B29B20DD800EC1537 /* AlertApp.swift */; };
		C7D9CF6E29B20DD800EC1537 /* ContentView.swift in Sources */ = {isa = PBXBuildFile; fileRef = C7D9CF6D29B20DD800EC1537 /* ContentView.swift */; };
		C7D9CF7029B20DD900EC1537 /* Assets.xcassets in Resources */ = {isa = PBXBuildFile; fileRef = C7D9CF6F29B20DD900EC1537 /* Assets.xcassets */; };
		C7D9CF7329B20DD900EC1537 /* Preview Assets.xcassets in Resources */ = {isa = PBXBuildFile; fileRef = C7D9CF7229B20DD900EC1537 /* Preview Assets.xcassets */; };
		C7D9CF7D29B20DD900EC1537 /* AlertTests.swift in Sources */ = {isa = PBXBuildFile; fileRef = C7D9CF7C29B20DD900EC1537 /* AlertTests.swift */; };
		C7D9CF8729B20DD900EC1537 /* AlertUITests.swift in Sources */ = {isa = PBXBuildFile; fileRef = C7D9CF8629B20DD900EC1537 /* AlertUITests.swift */; };
		C7D9CF8929B20DD900EC1537 /* AlertUITestsLaunchTests.swift in Sources */ = {isa = PBXBuildFile; fileRef = C7D9CF8829B20DD900EC1537 /* AlertUITestsLaunchTests.swift */; };
		C7D9CF9929B8DD0800EC1537 /* SettingView.swift in Sources */ = {isa = PBXBuildFile; fileRef = C7D9CF9829B8DD0800EC1537 /* SettingView.swift */; };
		C7D9CF9B29B8DD5A00EC1537 /* MainViewModel.swift in Sources */ = {isa = PBXBuildFile; fileRef = C7D9CF9A29B8DD5A00EC1537 /* MainViewModel.swift */; };
		C7D9CF9D29B8DD7E00EC1537 /* MainViewModelBaseClass.swift in Sources */ = {isa = PBXBuildFile; fileRef = C7D9CF9C29B8DD7E00EC1537 /* MainViewModelBaseClass.swift */; };
		C7D9CF9F29B8DDA600EC1537 /* SettingViewModelBaseClass.swift in Sources */ = {isa = PBXBuildFile; fileRef = C7D9CF9E29B8DDA600EC1537 /* SettingViewModelBaseClass.swift */; };
		C7D9CFA129B8DDB500EC1537 /* SettingViewModel.swift in Sources */ = {isa = PBXBuildFile; fileRef = C7D9CFA029B8DDB500EC1537 /* SettingViewModel.swift */; };
		C7D9CFA329B8E03100EC1537 /* UserDefaultDaoBaseClass.swift in Sources */ = {isa = PBXBuildFile; fileRef = C7D9CFA229B8E03100EC1537 /* UserDefaultDaoBaseClass.swift */; };
		C7D9CFA529B8E04200EC1537 /* UserDefaultDao.swift in Sources */ = {isa = PBXBuildFile; fileRef = C7D9CFA429B8E04200EC1537 /* UserDefaultDao.swift */; };
		C7D9CFA729B8E14F00EC1537 /* NotificationPusher.swift in Sources */ = {isa = PBXBuildFile; fileRef = C7D9CFA629B8E14F00EC1537 /* NotificationPusher.swift */; };
		C7D9CFA929B8E16300EC1537 /* NotificationPusherBaseClass.swift in Sources */ = {isa = PBXBuildFile; fileRef = C7D9CFA829B8E16300EC1537 /* NotificationPusherBaseClass.swift */; };
		C7D9CFAB29B8E21000EC1537 /* TimerBaseClass.swift in Sources */ = {isa = PBXBuildFile; fileRef = C7D9CFAA29B8E21000EC1537 /* TimerBaseClass.swift */; };
		C7D9CFAD29B8E28000EC1537 /* TimerClass.swift in Sources */ = {isa = PBXBuildFile; fileRef = C7D9CFAC29B8E28000EC1537 /* TimerClass.swift */; };
/* End PBXBuildFile section */

/* Begin PBXContainerItemProxy section */
		C7D9CF7929B20DD900EC1537 /* PBXContainerItemProxy */ = {
			isa = PBXContainerItemProxy;
			containerPortal = C7D9CF6029B20DD800EC1537 /* Project object */;
			proxyType = 1;
			remoteGlobalIDString = C7D9CF6729B20DD800EC1537;
			remoteInfo = Alert;
		};
		C7D9CF8329B20DD900EC1537 /* PBXContainerItemProxy */ = {
			isa = PBXContainerItemProxy;
			containerPortal = C7D9CF6029B20DD800EC1537 /* Project object */;
			proxyType = 1;
			remoteGlobalIDString = C7D9CF6729B20DD800EC1537;
			remoteInfo = Alert;
		};
/* End PBXContainerItemProxy section */

/* Begin PBXFileReference section */
		C7D9CF6829B20DD800EC1537 /* Alert.app */ = {isa = PBXFileReference; explicitFileType = wrapper.application; includeInIndex = 0; path = Alert.app; sourceTree = BUILT_PRODUCTS_DIR; };
		C7D9CF6B29B20DD800EC1537 /* AlertApp.swift */ = {isa = PBXFileReference; lastKnownFileType = sourcecode.swift; path = AlertApp.swift; sourceTree = "<group>"; };
		C7D9CF6D29B20DD800EC1537 /* ContentView.swift */ = {isa = PBXFileReference; lastKnownFileType = sourcecode.swift; path = ContentView.swift; sourceTree = "<group>"; };
		C7D9CF6F29B20DD900EC1537 /* Assets.xcassets */ = {isa = PBXFileReference; lastKnownFileType = folder.assetcatalog; path = Assets.xcassets; sourceTree = "<group>"; };
		C7D9CF7229B20DD900EC1537 /* Preview Assets.xcassets */ = {isa = PBXFileReference; lastKnownFileType = folder.assetcatalog; path = "Preview Assets.xcassets"; sourceTree = "<group>"; };
		C7D9CF7829B20DD900EC1537 /* AlertTests.xctest */ = {isa = PBXFileReference; explicitFileType = wrapper.cfbundle; includeInIndex = 0; path = AlertTests.xctest; sourceTree = BUILT_PRODUCTS_DIR; };
		C7D9CF7C29B20DD900EC1537 /* AlertTests.swift */ = {isa = PBXFileReference; lastKnownFileType = sourcecode.swift; path = AlertTests.swift; sourceTree = "<group>"; };
		C7D9CF8229B20DD900EC1537 /* AlertUITests.xctest */ = {isa = PBXFileReference; explicitFileType = wrapper.cfbundle; includeInIndex = 0; path = AlertUITests.xctest; sourceTree = BUILT_PRODUCTS_DIR; };
		C7D9CF8629B20DD900EC1537 /* AlertUITests.swift */ = {isa = PBXFileReference; lastKnownFileType = sourcecode.swift; path = AlertUITests.swift; sourceTree = "<group>"; };
		C7D9CF8829B20DD900EC1537 /* AlertUITestsLaunchTests.swift */ = {isa = PBXFileReference; lastKnownFileType = sourcecode.swift; path = AlertUITestsLaunchTests.swift; sourceTree = "<group>"; };
		C7D9CF9829B8DD0800EC1537 /* SettingView.swift */ = {isa = PBXFileReference; lastKnownFileType = sourcecode.swift; path = SettingView.swift; sourceTree = "<group>"; };
		C7D9CF9A29B8DD5A00EC1537 /* MainViewModel.swift */ = {isa = PBXFileReference; lastKnownFileType = sourcecode.swift; path = MainViewModel.swift; sourceTree = "<group>"; };
		C7D9CF9C29B8DD7E00EC1537 /* MainViewModelBaseClass.swift */ = {isa = PBXFileReference; lastKnownFileType = sourcecode.swift; path = MainViewModelBaseClass.swift; sourceTree = "<group>"; };
		C7D9CF9E29B8DDA600EC1537 /* SettingViewModelBaseClass.swift */ = {isa = PBXFileReference; lastKnownFileType = sourcecode.swift; path = SettingViewModelBaseClass.swift; sourceTree = "<group>"; };
		C7D9CFA029B8DDB500EC1537 /* SettingViewModel.swift */ = {isa = PBXFileReference; lastKnownFileType = sourcecode.swift; path = SettingViewModel.swift; sourceTree = "<group>"; };
		C7D9CFA229B8E03100EC1537 /* UserDefaultDaoBaseClass.swift */ = {isa = PBXFileReference; lastKnownFileType = sourcecode.swift; path = UserDefaultDaoBaseClass.swift; sourceTree = "<group>"; };
		C7D9CFA429B8E04200EC1537 /* UserDefaultDao.swift */ = {isa = PBXFileReference; lastKnownFileType = sourcecode.swift; path = UserDefaultDao.swift; sourceTree = "<group>"; };
		C7D9CFA629B8E14F00EC1537 /* NotificationPusher.swift */ = {isa = PBXFileReference; lastKnownFileType = sourcecode.swift; path = NotificationPusher.swift; sourceTree = "<group>"; };
		C7D9CFA829B8E16300EC1537 /* NotificationPusherBaseClass.swift */ = {isa = PBXFileReference; lastKnownFileType = sourcecode.swift; path = NotificationPusherBaseClass.swift; sourceTree = "<group>"; };
		C7D9CFAA29B8E21000EC1537 /* TimerBaseClass.swift */ = {isa = PBXFileReference; lastKnownFileType = sourcecode.swift; path = TimerBaseClass.swift; sourceTree = "<group>"; };
		C7D9CFAC29B8E28000EC1537 /* TimerClass.swift */ = {isa = PBXFileReference; lastKnownFileType = sourcecode.swift; path = TimerClass.swift; sourceTree = "<group>"; };
/* End PBXFileReference section */

/* Begin PBXFrameworksBuildPhase section */
		C7D9CF6529B20DD800EC1537 /* Frameworks */ = {
			isa = PBXFrameworksBuildPhase;
			buildActionMask = 2147483647;
			files = (
			);
			runOnlyForDeploymentPostprocessing = 0;
		};
		C7D9CF7529B20DD900EC1537 /* Frameworks */ = {
			isa = PBXFrameworksBuildPhase;
			buildActionMask = 2147483647;
			files = (
			);
			runOnlyForDeploymentPostprocessing = 0;
		};
		C7D9CF7F29B20DD900EC1537 /* Frameworks */ = {
			isa = PBXFrameworksBuildPhase;
			buildActionMask = 2147483647;
			files = (
			);
			runOnlyForDeploymentPostprocessing = 0;
		};
/* End PBXFrameworksBuildPhase section */

/* Begin PBXGroup section */
		C7D9CF5F29B20DD800EC1537 = {
			isa = PBXGroup;
			children = (
				C7D9CF6A29B20DD800EC1537 /* Alert */,
				C7D9CF7B29B20DD900EC1537 /* AlertTests */,
				C7D9CF8529B20DD900EC1537 /* AlertUITests */,
				C7D9CF6929B20DD800EC1537 /* Products */,
			);
			sourceTree = "<group>";
		};
		C7D9CF6929B20DD800EC1537 /* Products */ = {
			isa = PBXGroup;
			children = (
				C7D9CF6829B20DD800EC1537 /* Alert.app */,
				C7D9CF7829B20DD900EC1537 /* AlertTests.xctest */,
				C7D9CF8229B20DD900EC1537 /* AlertUITests.xctest */,
			);
			name = Products;
			sourceTree = "<group>";
		};
		C7D9CF6A29B20DD800EC1537 /* Alert */ = {
			isa = PBXGroup;
			children = (
				C7D9CF6B29B20DD800EC1537 /* AlertApp.swift */,
				C7D9CF6D29B20DD800EC1537 /* ContentView.swift */,
				C7D9CF6F29B20DD900EC1537 /* Assets.xcassets */,
				C7D9CF9729B8DCBC00EC1537 /* Model */,
				C7D9CF7129B20DD900EC1537 /* Preview Content */,
				C7D9CF9529B8DC9C00EC1537 /* View */,
				C7D9CF9629B8DCA500EC1537 /* ViewModel */,
			);
			path = Alert;
			sourceTree = "<group>";
		};
		C7D9CF7129B20DD900EC1537 /* Preview Content */ = {
			isa = PBXGroup;
			children = (
				C7D9CF7229B20DD900EC1537 /* Preview Assets.xcassets */,
			);
			path = "Preview Content";
			sourceTree = "<group>";
		};
		C7D9CF7B29B20DD900EC1537 /* AlertTests */ = {
			isa = PBXGroup;
			children = (
				C7D9CF7C29B20DD900EC1537 /* AlertTests.swift */,
			);
			path = AlertTests;
			sourceTree = "<group>";
		};
		C7D9CF8529B20DD900EC1537 /* AlertUITests */ = {
			isa = PBXGroup;
			children = (
				C7D9CF8629B20DD900EC1537 /* AlertUITests.swift */,
				C7D9CF8829B20DD900EC1537 /* AlertUITestsLaunchTests.swift */,
			);
			path = AlertUITests;
			sourceTree = "<group>";
		};
		C7D9CF9529B8DC9C00EC1537 /* View */ = {
			isa = PBXGroup;
			children = (
				C7D9CF9829B8DD0800EC1537 /* SettingView.swift */,
			);
			path = View;
			sourceTree = "<group>";
		};
		C7D9CF9629B8DCA500EC1537 /* ViewModel */ = {
			isa = PBXGroup;
			children = (
				C7D9CF9A29B8DD5A00EC1537 /* MainViewModel.swift */,
				C7D9CF9C29B8DD7E00EC1537 /* MainViewModelBaseClass.swift */,
				C7D9CFA029B8DDB500EC1537 /* SettingViewModel.swift */,
				C7D9CF9E29B8DDA600EC1537 /* SettingViewModelBaseClass.swift */,
			);
			path = ViewModel;
			sourceTree = "<group>";
		};
		C7D9CF9729B8DCBC00EC1537 /* Model */ = {
			isa = PBXGroup;
			children = (
				C7D9CFA629B8E14F00EC1537 /* NotificationPusher.swift */,
				C7D9CFA829B8E16300EC1537 /* NotificationPusherBaseClass.swift */,
				C7D9CFAC29B8E28000EC1537 /* TimerClass.swift */,
				C7D9CFAA29B8E21000EC1537 /* TimerBaseClass.swift */,
				C7D9CFA429B8E04200EC1537 /* UserDefaultDao.swift */,
				C7D9CFA229B8E03100EC1537 /* UserDefaultDaoBaseClass.swift */,
			);
			path = Model;
			sourceTree = "<group>";
		};
/* End PBXGroup section */

/* Begin PBXNativeTarget section */
		C7D9CF6729B20DD800EC1537 /* Alert */ = {
			isa = PBXNativeTarget;
			buildConfigurationList = C7D9CF8C29B20DD900EC1537 /* Build configuration list for PBXNativeTarget "Alert" */;
			buildPhases = (
				C7D9CF6429B20DD800EC1537 /* Sources */,
				C7D9CF6529B20DD800EC1537 /* Frameworks */,
				C7D9CF6629B20DD800EC1537 /* Resources */,
			);
			buildRules = (
			);
			dependencies = (
			);
			name = Alert;
			productName = Alert;
			productReference = C7D9CF6829B20DD800EC1537 /* Alert.app */;
			productType = "com.apple.product-type.application";
		};
		C7D9CF7729B20DD900EC1537 /* AlertTests */ = {
			isa = PBXNativeTarget;
			buildConfigurationList = C7D9CF8F29B20DD900EC1537 /* Build configuration list for PBXNativeTarget "AlertTests" */;
			buildPhases = (
				C7D9CF7429B20DD900EC1537 /* Sources */,
				C7D9CF7529B20DD900EC1537 /* Frameworks */,
				C7D9CF7629B20DD900EC1537 /* Resources */,
			);
			buildRules = (
			);
			dependencies = (
				C7D9CF7A29B20DD900EC1537 /* PBXTargetDependency */,
			);
			name = AlertTests;
			productName = AlertTests;
			productReference = C7D9CF7829B20DD900EC1537 /* AlertTests.xctest */;
			productType = "com.apple.product-type.bundle.unit-test";
		};
		C7D9CF8129B20DD900EC1537 /* AlertUITests */ = {
			isa = PBXNativeTarget;
			buildConfigurationList = C7D9CF9229B20DD900EC1537 /* Build configuration list for PBXNativeTarget "AlertUITests" */;
			buildPhases = (
				C7D9CF7E29B20DD900EC1537 /* Sources */,
				C7D9CF7F29B20DD900EC1537 /* Frameworks */,
				C7D9CF8029B20DD900EC1537 /* Resources */,
			);
			buildRules = (
			);
			dependencies = (
				C7D9CF8429B20DD900EC1537 /* PBXTargetDependency */,
			);
			name = AlertUITests;
			productName = AlertUITests;
			productReference = C7D9CF8229B20DD900EC1537 /* AlertUITests.xctest */;
			productType = "com.apple.product-type.bundle.ui-testing";
		};
/* End PBXNativeTarget section */

/* Begin PBXProject section */
		C7D9CF6029B20DD800EC1537 /* Project object */ = {
			isa = PBXProject;
			attributes = {
				BuildIndependentTargetsInParallel = 1;
				LastSwiftUpdateCheck = 1420;
				LastUpgradeCheck = 1420;
				TargetAttributes = {
					C7D9CF6729B20DD800EC1537 = {
						CreatedOnToolsVersion = 14.2;
					};
					C7D9CF7729B20DD900EC1537 = {
						CreatedOnToolsVersion = 14.2;
						TestTargetID = C7D9CF6729B20DD800EC1537;
					};
					C7D9CF8129B20DD900EC1537 = {
						CreatedOnToolsVersion = 14.2;
						TestTargetID = C7D9CF6729B20DD800EC1537;
					};
				};
			};
			buildConfigurationList = C7D9CF6329B20DD800EC1537 /* Build configuration list for PBXProject "Alert" */;
			compatibilityVersion = "Xcode 14.0";
			developmentRegion = en;
			hasScannedForEncodings = 0;
			knownRegions = (
				en,
				Base,
			);
			mainGroup = C7D9CF5F29B20DD800EC1537;
			productRefGroup = C7D9CF6929B20DD800EC1537 /* Products */;
			projectDirPath = "";
			projectRoot = "";
			targets = (
				C7D9CF6729B20DD800EC1537 /* Alert */,
				C7D9CF7729B20DD900EC1537 /* AlertTests */,
				C7D9CF8129B20DD900EC1537 /* AlertUITests */,
			);
		};
/* End PBXProject section */

/* Begin PBXResourcesBuildPhase section */
		C7D9CF6629B20DD800EC1537 /* Resources */ = {
			isa = PBXResourcesBuildPhase;
			buildActionMask = 2147483647;
			files = (
				C7D9CF7329B20DD900EC1537 /* Preview Assets.xcassets in Resources */,
				C7D9CF7029B20DD900EC1537 /* Assets.xcassets in Resources */,
			);
			runOnlyForDeploymentPostprocessing = 0;
		};
		C7D9CF7629B20DD900EC1537 /* Resources */ = {
			isa = PBXResourcesBuildPhase;
			buildActionMask = 2147483647;
			files = (
			);
			runOnlyForDeploymentPostprocessing = 0;
		};
		C7D9CF8029B20DD900EC1537 /* Resources */ = {
			isa = PBXResourcesBuildPhase;
			buildActionMask = 2147483647;
			files = (
			);
			runOnlyForDeploymentPostprocessing = 0;
		};
/* End PBXResourcesBuildPhase section */

/* Begin PBXSourcesBuildPhase section */
		C7D9CF6429B20DD800EC1537 /* Sources */ = {
			isa = PBXSourcesBuildPhase;
			buildActionMask = 2147483647;
			files = (
				C7D9CF9929B8DD0800EC1537 /* SettingView.swift in Sources */,
				C7D9CFAB29B8E21000EC1537 /* TimerBaseClass.swift in Sources */,
				C7D9CFA329B8E03100EC1537 /* UserDefaultDaoBaseClass.swift in Sources */,
				C7D9CFA129B8DDB500EC1537 /* SettingViewModel.swift in Sources */,
				C7D9CFAD29B8E28000EC1537 /* TimerClass.swift in Sources */,
				C7D9CFA529B8E04200EC1537 /* UserDefaultDao.swift in Sources */,
				C7D9CF9F29B8DDA600EC1537 /* SettingViewModelBaseClass.swift in Sources */,
				C7D9CF6E29B20DD800EC1537 /* ContentView.swift in Sources */,
				C7D9CF6C29B20DD800EC1537 /* AlertApp.swift in Sources */,
				C7D9CF9B29B8DD5A00EC1537 /* MainViewModel.swift in Sources */,
				C7D9CF9D29B8DD7E00EC1537 /* MainViewModelBaseClass.swift in Sources */,
				C7D9CFA729B8E14F00EC1537 /* NotificationPusher.swift in Sources */,
				C7D9CFA929B8E16300EC1537 /* NotificationPusherBaseClass.swift in Sources */,
			);
			runOnlyForDeploymentPostprocessing = 0;
		};
		C7D9CF7429B20DD900EC1537 /* Sources */ = {
			isa = PBXSourcesBuildPhase;
			buildActionMask = 2147483647;
			files = (
				C7D9CF7D29B20DD900EC1537 /* AlertTests.swift in Sources */,
			);
			runOnlyForDeploymentPostprocessing = 0;
		};
		C7D9CF7E29B20DD900EC1537 /* Sources */ = {
			isa = PBXSourcesBuildPhase;
			buildActionMask = 2147483647;
			files = (
				C7D9CF8729B20DD900EC1537 /* AlertUITests.swift in Sources */,
				C7D9CF8929B20DD900EC1537 /* AlertUITestsLaunchTests.swift in Sources */,
			);
			runOnlyForDeploymentPostprocessing = 0;
		};
/* End PBXSourcesBuildPhase section */

/* Begin PBXTargetDependency section */
		C7D9CF7A29B20DD900EC1537 /* PBXTargetDependency */ = {
			isa = PBXTargetDependency;
			target = C7D9CF6729B20DD800EC1537 /* Alert */;
			targetProxy = C7D9CF7929B20DD900EC1537 /* PBXContainerItemProxy */;
		};
		C7D9CF8429B20DD900EC1537 /* PBXTargetDependency */ = {
			isa = PBXTargetDependency;
			target = C7D9CF6729B20DD800EC1537 /* Alert */;
			targetProxy = C7D9CF8329B20DD900EC1537 /* PBXContainerItemProxy */;
		};
/* End PBXTargetDependency section */

/* Begin XCBuildConfiguration section */
		C7D9CF8A29B20DD900EC1537 /* Debug */ = {
			isa = XCBuildConfiguration;
			buildSettings = {
				ALWAYS_SEARCH_USER_PATHS = NO;
				CLANG_ANALYZER_NONNULL = YES;
				CLANG_ANALYZER_NUMBER_OBJECT_CONVERSION = YES_AGGRESSIVE;
				CLANG_CXX_LANGUAGE_STANDARD = "gnu++20";
				CLANG_ENABLE_MODULES = YES;
				CLANG_ENABLE_OBJC_ARC = YES;
				CLANG_ENABLE_OBJC_WEAK = YES;
				CLANG_WARN_BLOCK_CAPTURE_AUTORELEASING = YES;
				CLANG_WARN_BOOL_CONVERSION = YES;
				CLANG_WARN_COMMA = YES;
				CLANG_WARN_CONSTANT_CONVERSION = YES;
				CLANG_WARN_DEPRECATED_OBJC_IMPLEMENTATIONS = YES;
				CLANG_WARN_DIRECT_OBJC_ISA_USAGE = YES_ERROR;
				CLANG_WARN_DOCUMENTATION_COMMENTS = YES;
				CLANG_WARN_EMPTY_BODY = YES;
				CLANG_WARN_ENUM_CONVERSION = YES;
				CLANG_WARN_INFINITE_RECURSION = YES;
				CLANG_WARN_INT_CONVERSION = YES;
				CLANG_WARN_NON_LITERAL_NULL_CONVERSION = YES;
				CLANG_WARN_OBJC_IMPLICIT_RETAIN_SELF = YES;
				CLANG_WARN_OBJC_LITERAL_CONVERSION = YES;
				CLANG_WARN_OBJC_ROOT_CLASS = YES_ERROR;
				CLANG_WARN_QUOTED_INCLUDE_IN_FRAMEWORK_HEADER = YES;
				CLANG_WARN_RANGE_LOOP_ANALYSIS = YES;
				CLANG_WARN_STRICT_PROTOTYPES = YES;
				CLANG_WARN_SUSPICIOUS_MOVE = YES;
				CLANG_WARN_UNGUARDED_AVAILABILITY = YES_AGGRESSIVE;
				CLANG_WARN_UNREACHABLE_CODE = YES;
				CLANG_WARN__DUPLICATE_METHOD_MATCH = YES;
				COPY_PHASE_STRIP = NO;
				DEBUG_INFORMATION_FORMAT = dwarf;
				ENABLE_STRICT_OBJC_MSGSEND = YES;
				ENABLE_TESTABILITY = YES;
				GCC_C_LANGUAGE_STANDARD = gnu11;
				GCC_DYNAMIC_NO_PIC = NO;
				GCC_NO_COMMON_BLOCKS = YES;
				GCC_OPTIMIZATION_LEVEL = 0;
				GCC_PREPROCESSOR_DEFINITIONS = (
					"DEBUG=1",
					"$(inherited)",
				);
				GCC_WARN_64_TO_32_BIT_CONVERSION = YES;
				GCC_WARN_ABOUT_RETURN_TYPE = YES_ERROR;
				GCC_WARN_UNDECLARED_SELECTOR = YES;
				GCC_WARN_UNINITIALIZED_AUTOS = YES_AGGRESSIVE;
				GCC_WARN_UNUSED_FUNCTION = YES;
				GCC_WARN_UNUSED_VARIABLE = YES;
				IPHONEOS_DEPLOYMENT_TARGET = 16.2;
				MTL_ENABLE_DEBUG_INFO = INCLUDE_SOURCE;
				MTL_FAST_MATH = YES;
				ONLY_ACTIVE_ARCH = YES;
				SDKROOT = iphoneos;
				SWIFT_ACTIVE_COMPILATION_CONDITIONS = DEBUG;
				SWIFT_OPTIMIZATION_LEVEL = "-Onone";
			};
			name = Debug;
		};
		C7D9CF8B29B20DD900EC1537 /* Release */ = {
			isa = XCBuildConfiguration;
			buildSettings = {
				ALWAYS_SEARCH_USER_PATHS = NO;
				CLANG_ANALYZER_NONNULL = YES;
				CLANG_ANALYZER_NUMBER_OBJECT_CONVERSION = YES_AGGRESSIVE;
				CLANG_CXX_LANGUAGE_STANDARD = "gnu++20";
				CLANG_ENABLE_MODULES = YES;
				CLANG_ENABLE_OBJC_ARC = YES;
				CLANG_ENABLE_OBJC_WEAK = YES;
				CLANG_WARN_BLOCK_CAPTURE_AUTORELEASING = YES;
				CLANG_WARN_BOOL_CONVERSION = YES;
				CLANG_WARN_COMMA = YES;
				CLANG_WARN_CONSTANT_CONVERSION = YES;
				CLANG_WARN_DEPRECATED_OBJC_IMPLEMENTATIONS = YES;
				CLANG_WARN_DIRECT_OBJC_ISA_USAGE = YES_ERROR;
				CLANG_WARN_DOCUMENTATION_COMMENTS = YES;
				CLANG_WARN_EMPTY_BODY = YES;
				CLANG_WARN_ENUM_CONVERSION = YES;
				CLANG_WARN_INFINITE_RECURSION = YES;
				CLANG_WARN_INT_CONVERSION = YES;
				CLANG_WARN_NON_LITERAL_NULL_CONVERSION = YES;
				CLANG_WARN_OBJC_IMPLICIT_RETAIN_SELF = YES;
				CLANG_WARN_OBJC_LITERAL_CONVERSION = YES;
				CLANG_WARN_OBJC_ROOT_CLASS = YES_ERROR;
				CLANG_WARN_QUOTED_INCLUDE_IN_FRAMEWORK_HEADER = YES;
				CLANG_WARN_RANGE_LOOP_ANALYSIS = YES;
				CLANG_WARN_STRICT_PROTOTYPES = YES;
				CLANG_WARN_SUSPICIOUS_MOVE = YES;
				CLANG_WARN_UNGUARDED_AVAILABILITY = YES_AGGRESSIVE;
				CLANG_WARN_UNREACHABLE_CODE = YES;
				CLANG_WARN__DUPLICATE_METHOD_MATCH = YES;
				COPY_PHASE_STRIP = NO;
				DEBUG_INFORMATION_FORMAT = "dwarf-with-dsym";
				ENABLE_NS_ASSERTIONS = NO;
				ENABLE_STRICT_OBJC_MSGSEND = YES;
				GCC_C_LANGUAGE_STANDARD = gnu11;
				GCC_NO_COMMON_BLOCKS = YES;
				GCC_WARN_64_TO_32_BIT_CONVERSION = YES;
				GCC_WARN_ABOUT_RETURN_TYPE = YES_ERROR;
				GCC_WARN_UNDECLARED_SELECTOR = YES;
				GCC_WARN_UNINITIALIZED_AUTOS = YES_AGGRESSIVE;
				GCC_WARN_UNUSED_FUNCTION = YES;
				GCC_WARN_UNUSED_VARIABLE = YES;
				IPHONEOS_DEPLOYMENT_TARGET = 16.2;
				MTL_ENABLE_DEBUG_INFO = NO;
				MTL_FAST_MATH = YES;
				SDKROOT = iphoneos;
				SWIFT_COMPILATION_MODE = wholemodule;
				SWIFT_OPTIMIZATION_LEVEL = "-O";
				VALIDATE_PRODUCT = YES;
			};
			name = Release;
		};
		C7D9CF8D29B20DD900EC1537 /* Debug */ = {
			isa = XCBuildConfiguration;
			buildSettings = {
				ASSETCATALOG_COMPILER_APPICON_NAME = AppIcon;
				ASSETCATALOG_COMPILER_GLOBAL_ACCENT_COLOR_NAME = AccentColor;
				CODE_SIGN_STYLE = Automatic;
				CURRENT_PROJECT_VERSION = 1;
				DEVELOPMENT_ASSET_PATHS = "\"Alert/Preview Content\"";
				DEVELOPMENT_TEAM = RLWLGDN332;
				ENABLE_PREVIEWS = YES;
				GENERATE_INFOPLIST_FILE = YES;
				INFOPLIST_KEY_UIApplicationSceneManifest_Generation = YES;
				INFOPLIST_KEY_UIApplicationSupportsIndirectInputEvents = YES;
				INFOPLIST_KEY_UILaunchScreen_Generation = YES;
				INFOPLIST_KEY_UISupportedInterfaceOrientations_iPad = "UIInterfaceOrientationPortrait UIInterfaceOrientationPortraitUpsideDown UIInterfaceOrientationLandscapeLeft UIInterfaceOrientationLandscapeRight";
				INFOPLIST_KEY_UISupportedInterfaceOrientations_iPhone = "UIInterfaceOrientationPortrait UIInterfaceOrientationLandscapeLeft UIInterfaceOrientationLandscapeRight";
				LD_RUNPATH_SEARCH_PATHS = (
					"$(inherited)",
					"@executable_path/Frameworks",
				);
				MARKETING_VERSION = 1.0;
				PRODUCT_BUNDLE_IDENTIFIER = ryokuchama.Alert;
				PRODUCT_NAME = "$(TARGET_NAME)";
				SWIFT_EMIT_LOC_STRINGS = YES;
				SWIFT_VERSION = 5.0;
				TARGETED_DEVICE_FAMILY = "1,2";
			};
			name = Debug;
		};
		C7D9CF8E29B20DD900EC1537 /* Release */ = {
			isa = XCBuildConfiguration;
			buildSettings = {
				ASSETCATALOG_COMPILER_APPICON_NAME = AppIcon;
				ASSETCATALOG_COMPILER_GLOBAL_ACCENT_COLOR_NAME = AccentColor;
				CODE_SIGN_STYLE = Automatic;
				CURRENT_PROJECT_VERSION = 1;
				DEVELOPMENT_ASSET_PATHS = "\"Alert/Preview Content\"";
				DEVELOPMENT_TEAM = RLWLGDN332;
				ENABLE_PREVIEWS = YES;
				GENERATE_INFOPLIST_FILE = YES;
				INFOPLIST_KEY_UIApplicationSceneManifest_Generation = YES;
				INFOPLIST_KEY_UIApplicationSupportsIndirectInputEvents = YES;
				INFOPLIST_KEY_UILaunchScreen_Generation = YES;
				INFOPLIST_KEY_UISupportedInterfaceOrientations_iPad = "UIInterfaceOrientationPortrait UIInterfaceOrientationPortraitUpsideDown UIInterfaceOrientationLandscapeLeft UIInterfaceOrientationLandscapeRight";
				INFOPLIST_KEY_UISupportedInterfaceOrientations_iPhone = "UIInterfaceOrientationPortrait UIInterfaceOrientationLandscapeLeft UIInterfaceOrientationLandscapeRight";
				LD_RUNPATH_SEARCH_PATHS = (
					"$(inherited)",
					"@executable_path/Frameworks",
				);
				MARKETING_VERSION = 1.0;
				PRODUCT_BUNDLE_IDENTIFIER = ryokuchama.Alert;
				PRODUCT_NAME = "$(TARGET_NAME)";
				SWIFT_EMIT_LOC_STRINGS = YES;
				SWIFT_VERSION = 5.0;
				TARGETED_DEVICE_FAMILY = "1,2";
			};
			name = Release;
		};
		C7D9CF9029B20DD900EC1537 /* Debug */ = {
			isa = XCBuildConfiguration;
			buildSettings = {
				ALWAYS_EMBED_SWIFT_STANDARD_LIBRARIES = YES;
				BUNDLE_LOADER = "$(TEST_HOST)";
				CODE_SIGN_STYLE = Automatic;
				CURRENT_PROJECT_VERSION = 1;
				DEVELOPMENT_TEAM = RLWLGDN332;
				GENERATE_INFOPLIST_FILE = YES;
				IPHONEOS_DEPLOYMENT_TARGET = 16.2;
				MARKETING_VERSION = 1.0;
				PRODUCT_BUNDLE_IDENTIFIER = ryokuchama.AlertTests;
				PRODUCT_NAME = "$(TARGET_NAME)";
				SWIFT_EMIT_LOC_STRINGS = NO;
				SWIFT_VERSION = 5.0;
				TARGETED_DEVICE_FAMILY = "1,2";
				TEST_HOST = "$(BUILT_PRODUCTS_DIR)/Alert.app/$(BUNDLE_EXECUTABLE_FOLDER_PATH)/Alert";
			};
			name = Debug;
		};
		C7D9CF9129B20DD900EC1537 /* Release */ = {
			isa = XCBuildConfiguration;
			buildSettings = {
				ALWAYS_EMBED_SWIFT_STANDARD_LIBRARIES = YES;
				BUNDLE_LOADER = "$(TEST_HOST)";
				CODE_SIGN_STYLE = Automatic;
				CURRENT_PROJECT_VERSION = 1;
				DEVELOPMENT_TEAM = RLWLGDN332;
				GENERATE_INFOPLIST_FILE = YES;
				IPHONEOS_DEPLOYMENT_TARGET = 16.2;
				MARKETING_VERSION = 1.0;
				PRODUCT_BUNDLE_IDENTIFIER = ryokuchama.AlertTests;
				PRODUCT_NAME = "$(TARGET_NAME)";
				SWIFT_EMIT_LOC_STRINGS = NO;
				SWIFT_VERSION = 5.0;
				TARGETED_DEVICE_FAMILY = "1,2";
				TEST_HOST = "$(BUILT_PRODUCTS_DIR)/Alert.app/$(BUNDLE_EXECUTABLE_FOLDER_PATH)/Alert";
			};
			name = Release;
		};
		C7D9CF9329B20DD900EC1537 /* Debug */ = {
			isa = XCBuildConfiguration;
			buildSettings = {
				ALWAYS_EMBED_SWIFT_STANDARD_LIBRARIES = YES;
				CODE_SIGN_STYLE = Automatic;
				CURRENT_PROJECT_VERSION = 1;
				DEVELOPMENT_TEAM = RLWLGDN332;
				GENERATE_INFOPLIST_FILE = YES;
				MARKETING_VERSION = 1.0;
				PRODUCT_BUNDLE_IDENTIFIER = ryokuchama.AlertUITests;
				PRODUCT_NAME = "$(TARGET_NAME)";
				SWIFT_EMIT_LOC_STRINGS = NO;
				SWIFT_VERSION = 5.0;
				TARGETED_DEVICE_FAMILY = "1,2";
				TEST_TARGET_NAME = Alert;
			};
			name = Debug;
		};
		C7D9CF9429B20DD900EC1537 /* Release */ = {
			isa = XCBuildConfiguration;
			buildSettings = {
				ALWAYS_EMBED_SWIFT_STANDARD_LIBRARIES = YES;
				CODE_SIGN_STYLE = Automatic;
				CURRENT_PROJECT_VERSION = 1;
				DEVELOPMENT_TEAM = RLWLGDN332;
				GENERATE_INFOPLIST_FILE = YES;
				MARKETING_VERSION = 1.0;
				PRODUCT_BUNDLE_IDENTIFIER = ryokuchama.AlertUITests;
				PRODUCT_NAME = "$(TARGET_NAME)";
				SWIFT_EMIT_LOC_STRINGS = NO;
				SWIFT_VERSION = 5.0;
				TARGETED_DEVICE_FAMILY = "1,2";
				TEST_TARGET_NAME = Alert;
			};
			name = Release;
		};
/* End XCBuildConfiguration section */

/* Begin XCConfigurationList section */
		C7D9CF6329B20DD800EC1537 /* Build configuration list for PBXProject "Alert" */ = {
			isa = XCConfigurationList;
			buildConfigurations = (
				C7D9CF8A29B20DD900EC1537 /* Debug */,
				C7D9CF8B29B20DD900EC1537 /* Release */,
			);
			defaultConfigurationIsVisible = 0;
			defaultConfigurationName = Release;
		};
		C7D9CF8C29B20DD900EC1537 /* Build configuration list for PBXNativeTarget "Alert" */ = {
			isa = XCConfigurationList;
			buildConfigurations = (
				C7D9CF8D29B20DD900EC1537 /* Debug */,
				C7D9CF8E29B20DD900EC1537 /* Release */,
			);
			defaultConfigurationIsVisible = 0;
			defaultConfigurationName = Release;
		};
		C7D9CF8F29B20DD900EC1537 /* Build configuration list for PBXNativeTarget "AlertTests" */ = {
			isa = XCConfigurationList;
			buildConfigurations = (
				C7D9CF9029B20DD900EC1537 /* Debug */,
				C7D9CF9129B20DD900EC1537 /* Release */,
			);
			defaultConfigurationIsVisible = 0;
			defaultConfigurationName = Release;
		};
		C7D9CF9229B20DD900EC1537 /* Build configuration list for PBXNativeTarget "AlertUITests" */ = {
			isa = XCConfigurationList;
			buildConfigurations = (
				C7D9CF9329B20DD900EC1537 /* Debug */,
				C7D9CF9429B20DD900EC1537 /* Release */,
			);
			defaultConfigurationIsVisible = 0;
			defaultConfigurationName = Release;
		};
/* End XCConfigurationList section */
	};
	rootObject = C7D9CF6029B20DD800EC1537 /* Project object */;
}
